
Microsoft Visual Studio Solution File, Format Version 12.00
# Visual Studio Version 17
VisualStudioVersion = 17.4.33110.190
MinimumVisualStudioVersion = 10.0.40219.1
Project("{FAE04EC0-301F-11D3-BF4B-00C04F79EFBC}") = "authTest1", "authTest1\authTest1.csproj", "{ECEDC039-097A-478B-BFCB-F4AE0B5B44F6}"
EndProject
Global
	GlobalSection(SolutionConfigurationPlatforms) = preSolution
		Debug|Any CPU = Debug|Any CPU
		Release|Any CPU = Release|Any CPU
	EndGlobalSection
	GlobalSection(ProjectConfigurationPlatforms) = postSolution
		{ECEDC039-097A-478B-BFCB-F4AE0B5B44F6}.Debug|Any CPU.ActiveCfg = Debug|Any CPU
		{ECEDC039-097A-478B-BFCB-F4AE0B5B44F6}.Debug|Any CPU.Build.0 = Debug|Any CPU
		{ECEDC039-097A-478B-BFCB-F4AE0B5B44F6}.Release|Any CPU.ActiveCfg = Release|Any CPU
		{ECEDC039-097A-478B-BFCB-F4AE0B5B44F6}.Release|Any CPU.Build.0 = Release|Any CPU
	EndGlobalSection
	GlobalSection(SolutionProperties) = preSolution
		HideSolutionNode = FALSE
	EndGlobalSection
	GlobalSection(ExtensibilityGlobals) = postSolution
		SolutionGuid = {37D6532A-899C-4EDE-B797-26D3FDC27B40}
	EndGlobalSection
EndGlobal
